// !$*UTF8*$!
{
	archiveVersion = 1;
	classes = {
	};
	objectVersion = 50;
	objects = {

/* Begin PBXBuildFile section */
		15D86F61CEA5DCF9142B1BCF /* Pods_Intelity.framework in Frameworks */ = {isa = PBXBuildFile; fileRef = 43FF8851E2A62E5CF8EEA594 /* Pods_Intelity.framework */; };
		21999FB9222AD1280018EE65 /* AppDelegate.swift in Sources */ = {isa = PBXBuildFile; fileRef = 21999FB8222AD1280018EE65 /* AppDelegate.swift */; };
		21999FC1222AD1280018EE65 /* Intelity.xcdatamodeld in Sources */ = {isa = PBXBuildFile; fileRef = 21999FBF222AD1280018EE65 /* Intelity.xcdatamodeld */; };
		21999FC3222AD12A0018EE65 /* Assets.xcassets in Resources */ = {isa = PBXBuildFile; fileRef = 21999FC2222AD12A0018EE65 /* Assets.xcassets */; };
		21999FC6222AD12A0018EE65 /* LaunchScreen.storyboard in Resources */ = {isa = PBXBuildFile; fileRef = 21999FC4222AD12A0018EE65 /* LaunchScreen.storyboard */; };
		21999FD3222AD6F80018EE65 /* WeatherViewController.swift in Sources */ = {isa = PBXBuildFile; fileRef = 21999FD2222AD6F80018EE65 /* WeatherViewController.swift */; };
		21999FD5222AD7180018EE65 /* Weather.storyboard in Resources */ = {isa = PBXBuildFile; fileRef = 21999FD4222AD7180018EE65 /* Weather.storyboard */; };
		21999FDA222AE9A90018EE65 /* WeatherViewModel.swift in Sources */ = {isa = PBXBuildFile; fileRef = 21999FD9222AE9A90018EE65 /* WeatherViewModel.swift */; };
		21999FDD222AE9F10018EE65 /* WeatherView.swift in Sources */ = {isa = PBXBuildFile; fileRef = 21999FDC222AE9F10018EE65 /* WeatherView.swift */; };
		21999FE3222AEE250018EE65 /* SimpleCell.swift in Sources */ = {isa = PBXBuildFile; fileRef = 21999FE2222AEE250018EE65 /* SimpleCell.swift */; };
		21999FE7222AEE740018EE65 /* LoadingCell.swift in Sources */ = {isa = PBXBuildFile; fileRef = 21999FE5222AEE740018EE65 /* LoadingCell.swift */; };
		21999FE8222AEE740018EE65 /* LoadingCell.xib in Resources */ = {isa = PBXBuildFile; fileRef = 21999FE6222AEE740018EE65 /* LoadingCell.xib */; };
		21999FEC222AEFAC0018EE65 /* Api.swift in Sources */ = {isa = PBXBuildFile; fileRef = 21999FEB222AEFAC0018EE65 /* Api.swift */; };
		21999FEE222AFD760018EE65 /* WeatherApi.swift in Sources */ = {isa = PBXBuildFile; fileRef = 21999FED222AFD760018EE65 /* WeatherApi.swift */; };
		21999FF1222B02B90018EE65 /* Thread.swift in Sources */ = {isa = PBXBuildFile; fileRef = 21999FF0222B02B90018EE65 /* Thread.swift */; };
		21999FF3222B0BE60018EE65 /* ResponseState.swift in Sources */ = {isa = PBXBuildFile; fileRef = 21999FF2222B0BE60018EE65 /* ResponseState.swift */; };
		21999FF9222B0E190018EE65 /* InformationCell.swift in Sources */ = {isa = PBXBuildFile; fileRef = 21999FF7222B0E190018EE65 /* InformationCell.swift */; };
		21999FFA222B0E190018EE65 /* InformationCell.xib in Resources */ = {isa = PBXBuildFile; fileRef = 21999FF8222B0E190018EE65 /* InformationCell.xib */; };
		21999FFC222B13600018EE65 /* Weather.swift in Sources */ = {isa = PBXBuildFile; fileRef = 21999FFB222B13600018EE65 /* Weather.swift */; };
		21999FFE222B14EE0018EE65 /* City.swift in Sources */ = {isa = PBXBuildFile; fileRef = 21999FFD222B14EE0018EE65 /* City.swift */; };
		2199A000222BE02B0018EE65 /* Country.swift in Sources */ = {isa = PBXBuildFile; fileRef = 21999FFF222BE02B0018EE65 /* Country.swift */; };
		2199A004222BE55A0018EE65 /* WeatherCell.swift in Sources */ = {isa = PBXBuildFile; fileRef = 2199A002222BE55A0018EE65 /* WeatherCell.swift */; };
		2199A005222BE55A0018EE65 /* WeatherCell.xib in Resources */ = {isa = PBXBuildFile; fileRef = 2199A003222BE55A0018EE65 /* WeatherCell.xib */; };
		2199A008222BEA400018EE65 /* Double.swift in Sources */ = {isa = PBXBuildFile; fileRef = 2199A007222BEA400018EE65 /* Double.swift */; };
		2199A00A222BEC240018EE65 /* Collection.swift in Sources */ = {isa = PBXBuildFile; fileRef = 2199A009222BEC240018EE65 /* Collection.swift */; };
		2199A00C222BEF2F0018EE65 /* String.swift in Sources */ = {isa = PBXBuildFile; fileRef = 2199A00B222BEF2F0018EE65 /* String.swift */; };
		2199A00F222BF0630018EE65 /* ImageLoader.swift in Sources */ = {isa = PBXBuildFile; fileRef = 2199A00E222BF0630018EE65 /* ImageLoader.swift */; };
/* End PBXBuildFile section */

/* Begin PBXFileReference section */
		21999FB5222AD1280018EE65 /* Intelity.app */ = {isa = PBXFileReference; explicitFileType = wrapper.application; includeInIndex = 0; path = Intelity.app; sourceTree = BUILT_PRODUCTS_DIR; };
		21999FB8222AD1280018EE65 /* AppDelegate.swift */ = {isa = PBXFileReference; lastKnownFileType = sourcecode.swift; path = AppDelegate.swift; sourceTree = "<group>"; };
		21999FC0222AD1280018EE65 /* Intelity.xcdatamodel */ = {isa = PBXFileReference; lastKnownFileType = wrapper.xcdatamodel; path = Intelity.xcdatamodel; sourceTree = "<group>"; };
		21999FC2222AD12A0018EE65 /* Assets.xcassets */ = {isa = PBXFileReference; lastKnownFileType = folder.assetcatalog; path = Assets.xcassets; sourceTree = "<group>"; };
		21999FC5222AD12A0018EE65 /* Base */ = {isa = PBXFileReference; lastKnownFileType = file.storyboard; name = Base; path = Base.lproj/LaunchScreen.storyboard; sourceTree = "<group>"; };
		21999FC7222AD12A0018EE65 /* Info.plist */ = {isa = PBXFileReference; lastKnownFileType = text.plist.xml; path = Info.plist; sourceTree = "<group>"; };
		21999FD2222AD6F80018EE65 /* WeatherViewController.swift */ = {isa = PBXFileReference; lastKnownFileType = sourcecode.swift; path = WeatherViewController.swift; sourceTree = "<group>"; };
		21999FD4222AD7180018EE65 /* Weather.storyboard */ = {isa = PBXFileReference; lastKnownFileType = file.storyboard; path = Weather.storyboard; sourceTree = "<group>"; };
		21999FD9222AE9A90018EE65 /* WeatherViewModel.swift */ = {isa = PBXFileReference; lastKnownFileType = sourcecode.swift; path = WeatherViewModel.swift; sourceTree = "<group>"; };
		21999FDC222AE9F10018EE65 /* WeatherView.swift */ = {isa = PBXFileReference; lastKnownFileType = sourcecode.swift; path = WeatherView.swift; sourceTree = "<group>"; };
		21999FE2222AEE250018EE65 /* SimpleCell.swift */ = {isa = PBXFileReference; lastKnownFileType = sourcecode.swift; path = SimpleCell.swift; sourceTree = "<group>"; };
		21999FE5222AEE740018EE65 /* LoadingCell.swift */ = {isa = PBXFileReference; lastKnownFileType = sourcecode.swift; path = LoadingCell.swift; sourceTree = "<group>"; };
		21999FE6222AEE740018EE65 /* LoadingCell.xib */ = {isa = PBXFileReference; lastKnownFileType = file.xib; path = LoadingCell.xib; sourceTree = "<group>"; };
		21999FEB222AEFAC0018EE65 /* Api.swift */ = {isa = PBXFileReference; lastKnownFileType = sourcecode.swift; path = Api.swift; sourceTree = "<group>"; };
		21999FED222AFD760018EE65 /* WeatherApi.swift */ = {isa = PBXFileReference; lastKnownFileType = sourcecode.swift; path = WeatherApi.swift; sourceTree = "<group>"; };
		21999FF0222B02B90018EE65 /* Thread.swift */ = {isa = PBXFileReference; lastKnownFileType = sourcecode.swift; path = Thread.swift; sourceTree = "<group>"; };
		21999FF2222B0BE60018EE65 /* ResponseState.swift */ = {isa = PBXFileReference; lastKnownFileType = sourcecode.swift; path = ResponseState.swift; sourceTree = "<group>"; };
		21999FF7222B0E190018EE65 /* InformationCell.swift */ = {isa = PBXFileReference; lastKnownFileType = sourcecode.swift; path = InformationCell.swift; sourceTree = "<group>"; };
		21999FF8222B0E190018EE65 /* InformationCell.xib */ = {isa = PBXFileReference; lastKnownFileType = file.xib; path = InformationCell.xib; sourceTree = "<group>"; };
		21999FFB222B13600018EE65 /* Weather.swift */ = {isa = PBXFileReference; lastKnownFileType = sourcecode.swift; path = Weather.swift; sourceTree = "<group>"; };
		21999FFD222B14EE0018EE65 /* City.swift */ = {isa = PBXFileReference; lastKnownFileType = sourcecode.swift; path = City.swift; sourceTree = "<group>"; };
		21999FFF222BE02B0018EE65 /* Country.swift */ = {isa = PBXFileReference; lastKnownFileType = sourcecode.swift; path = Country.swift; sourceTree = "<group>"; };
		2199A002222BE55A0018EE65 /* WeatherCell.swift */ = {isa = PBXFileReference; lastKnownFileType = sourcecode.swift; path = WeatherCell.swift; sourceTree = "<group>"; };
		2199A003222BE55A0018EE65 /* WeatherCell.xib */ = {isa = PBXFileReference; lastKnownFileType = file.xib; path = WeatherCell.xib; sourceTree = "<group>"; };
		2199A007222BEA400018EE65 /* Double.swift */ = {isa = PBXFileReference; lastKnownFileType = sourcecode.swift; path = Double.swift; sourceTree = "<group>"; };
		2199A009222BEC240018EE65 /* Collection.swift */ = {isa = PBXFileReference; lastKnownFileType = sourcecode.swift; path = Collection.swift; sourceTree = "<group>"; };
		2199A00B222BEF2F0018EE65 /* String.swift */ = {isa = PBXFileReference; lastKnownFileType = sourcecode.swift; path = String.swift; sourceTree = "<group>"; };
		2199A00E222BF0630018EE65 /* ImageLoader.swift */ = {isa = PBXFileReference; lastKnownFileType = sourcecode.swift; path = ImageLoader.swift; sourceTree = "<group>"; };
		43FF8851E2A62E5CF8EEA594 /* Pods_Intelity.framework */ = {isa = PBXFileReference; explicitFileType = wrapper.framework; includeInIndex = 0; path = Pods_Intelity.framework; sourceTree = BUILT_PRODUCTS_DIR; };
		D3A8CAE12FAE28AD9848316E /* Pods-Intelity.debug.xcconfig */ = {isa = PBXFileReference; includeInIndex = 1; lastKnownFileType = text.xcconfig; name = "Pods-Intelity.debug.xcconfig"; path = "Pods/Target Support Files/Pods-Intelity/Pods-Intelity.debug.xcconfig"; sourceTree = "<group>"; };
		D6416A70313C94E9FCDA2EC9 /* Pods-Intelity.release.xcconfig */ = {isa = PBXFileReference; includeInIndex = 1; lastKnownFileType = text.xcconfig; name = "Pods-Intelity.release.xcconfig"; path = "Pods/Target Support Files/Pods-Intelity/Pods-Intelity.release.xcconfig"; sourceTree = "<group>"; };
/* End PBXFileReference section */

/* Begin PBXFrameworksBuildPhase section */
		21999FB2222AD1280018EE65 /* Frameworks */ = {
			isa = PBXFrameworksBuildPhase;
			buildActionMask = 2147483647;
			files = (
				15D86F61CEA5DCF9142B1BCF /* Pods_Intelity.framework in Frameworks */,
			);
			runOnlyForDeploymentPostprocessing = 0;
		};
/* End PBXFrameworksBuildPhase section */

/* Begin PBXGroup section */
		21999FAC222AD1280018EE65 = {
			isa = PBXGroup;
			children = (
				21999FB7222AD1280018EE65 /* Intelity */,
				21999FB6222AD1280018EE65 /* Products */,
				A9FFAB942BC6B46E37D087EF /* Pods */,
				70532E009C391441C64AA1D5 /* Frameworks */,
			);
			sourceTree = "<group>";
		};
		21999FB6222AD1280018EE65 /* Products */ = {
			isa = PBXGroup;
			children = (
				21999FB5222AD1280018EE65 /* Intelity.app */,
			);
			name = Products;
			sourceTree = "<group>";
		};
		21999FB7222AD1280018EE65 /* Intelity */ = {
			isa = PBXGroup;
			children = (
				21999FB8222AD1280018EE65 /* AppDelegate.swift */,
				21999FC2222AD12A0018EE65 /* Assets.xcassets */,
				21999FC7222AD12A0018EE65 /* Info.plist */,
				21999FC4222AD12A0018EE65 /* LaunchScreen.storyboard */,
				21999FBF222AD1280018EE65 /* Intelity.xcdatamodeld */,
				21999FCE222AD6430018EE65 /* Code */,
			);
			path = Intelity;
			sourceTree = "<group>";
		};
		21999FCE222AD6430018EE65 /* Code */ = {
			isa = PBXGroup;
			children = (
				21999FEF222B02AE0018EE65 /* Common */,
				21999FF4222B0BFD0018EE65 /* Domain */,
				21999FE9222AEF950018EE65 /* Api */,
				21999FDB222AE9C00018EE65 /* Protocols */,
				21999FD0222AD69D0018EE65 /* Controllers */,
				21999FD8222AE9890018EE65 /* View models */,
				21999FDE222AEDD20018EE65 /* Views */,
			);
			path = Code;
			sourceTree = "<group>";
		};
		21999FD0222AD69D0018EE65 /* Controllers */ = {
			isa = PBXGroup;
			children = (
				21999FD1222AD6B10018EE65 /* Weather */,
			);
			path = Controllers;
			sourceTree = "<group>";
		};
		21999FD1222AD6B10018EE65 /* Weather */ = {
			isa = PBXGroup;
			children = (
				21999FD2222AD6F80018EE65 /* WeatherViewController.swift */,
				21999FD4222AD7180018EE65 /* Weather.storyboard */,
			);
			path = Weather;
			sourceTree = "<group>";
		};
		21999FD8222AE9890018EE65 /* View models */ = {
			isa = PBXGroup;
			children = (
				21999FD9222AE9A90018EE65 /* WeatherViewModel.swift */,
			);
			path = "View models";
			sourceTree = "<group>";
		};
		21999FDB222AE9C00018EE65 /* Protocols */ = {
			isa = PBXGroup;
			children = (
				21999FDC222AE9F10018EE65 /* WeatherView.swift */,
			);
			path = Protocols;
			sourceTree = "<group>";
		};
		21999FDE222AEDD20018EE65 /* Views */ = {
			isa = PBXGroup;
			children = (
				21999FDF222AEE040018EE65 /* UITableViewCell */,
			);
			path = Views;
			sourceTree = "<group>";
		};
		21999FDF222AEE040018EE65 /* UITableViewCell */ = {
			isa = PBXGroup;
			children = (
				21999FE2222AEE250018EE65 /* SimpleCell.swift */,
				2199A001222BE53E0018EE65 /* Weather */,
				21999FE4222AEE510018EE65 /* Loading */,
				21999FF6222B0DF90018EE65 /* Information */,
			);
			path = UITableViewCell;
			sourceTree = "<group>";
		};
		21999FE4222AEE510018EE65 /* Loading */ = {
			isa = PBXGroup;
			children = (
				21999FE5222AEE740018EE65 /* LoadingCell.swift */,
				21999FE6222AEE740018EE65 /* LoadingCell.xib */,
			);
			path = Loading;
			sourceTree = "<group>";
		};
		21999FE9222AEF950018EE65 /* Api */ = {
			isa = PBXGroup;
			children = (
				21999FEB222AEFAC0018EE65 /* Api.swift */,
				21999FED222AFD760018EE65 /* WeatherApi.swift */,
			);
			path = Api;
			sourceTree = "<group>";
		};
		21999FEF222B02AE0018EE65 /* Common */ = {
			isa = PBXGroup;
			children = (
				21999FF0222B02B90018EE65 /* Thread.swift */,
				2199A00D222BF0550018EE65 /* Utils */,
				2199A006222BEA310018EE65 /* Extensions */,
			);
			path = Common;
			sourceTree = "<group>";
		};
		21999FF4222B0BFD0018EE65 /* Domain */ = {
			isa = PBXGroup;
			children = (
				21999FF5222B0C060018EE65 /* Models */,
			);
			path = Domain;
			sourceTree = "<group>";
		};
		21999FF5222B0C060018EE65 /* Models */ = {
			isa = PBXGroup;
			children = (
				21999FF2222B0BE60018EE65 /* ResponseState.swift */,
				21999FFB222B13600018EE65 /* Weather.swift */,
				21999FFD222B14EE0018EE65 /* City.swift */,
				21999FFF222BE02B0018EE65 /* Country.swift */,
			);
			path = Models;
			sourceTree = "<group>";
		};
		21999FF6222B0DF90018EE65 /* Information */ = {
			isa = PBXGroup;
			children = (
				21999FF7222B0E190018EE65 /* InformationCell.swift */,
				21999FF8222B0E190018EE65 /* InformationCell.xib */,
			);
			path = Information;
			sourceTree = "<group>";
		};
		2199A001222BE53E0018EE65 /* Weather */ = {
			isa = PBXGroup;
			children = (
				2199A002222BE55A0018EE65 /* WeatherCell.swift */,
				2199A003222BE55A0018EE65 /* WeatherCell.xib */,
			);
			path = Weather;
			sourceTree = "<group>";
		};
		2199A006222BEA310018EE65 /* Extensions */ = {
			isa = PBXGroup;
			children = (
				2199A007222BEA400018EE65 /* Double.swift */,
				2199A009222BEC240018EE65 /* Collection.swift */,
				2199A00B222BEF2F0018EE65 /* String.swift */,
			);
			path = Extensions;
			sourceTree = "<group>";
		};
		2199A00D222BF0550018EE65 /* Utils */ = {
			isa = PBXGroup;
			children = (
				2199A00E222BF0630018EE65 /* ImageLoader.swift */,
			);
			path = Utils;
			sourceTree = "<group>";
		};
		70532E009C391441C64AA1D5 /* Frameworks */ = {
			isa = PBXGroup;
			children = (
				43FF8851E2A62E5CF8EEA594 /* Pods_Intelity.framework */,
			);
			name = Frameworks;
			sourceTree = "<group>";
		};
		A9FFAB942BC6B46E37D087EF /* Pods */ = {
			isa = PBXGroup;
			children = (
				D3A8CAE12FAE28AD9848316E /* Pods-Intelity.debug.xcconfig */,
				D6416A70313C94E9FCDA2EC9 /* Pods-Intelity.release.xcconfig */,
			);
			name = Pods;
			sourceTree = "<group>";
		};
/* End PBXGroup section */

/* Begin PBXNativeTarget section */
		21999FB4222AD1280018EE65 /* Intelity */ = {
			isa = PBXNativeTarget;
			buildConfigurationList = 21999FCA222AD12A0018EE65 /* Build configuration list for PBXNativeTarget "Intelity" */;
			buildPhases = (
				1557BC32BA8B9B6A8B6EEE77 /* [CP] Check Pods Manifest.lock */,
				21999FB1222AD1280018EE65 /* Sources */,
				21999FB2222AD1280018EE65 /* Frameworks */,
				21999FB3222AD1280018EE65 /* Resources */,
				E32422069D12E67443C97897 /* [CP] Embed Pods Frameworks */,
			);
			buildRules = (
			);
			dependencies = (
			);
			name = Intelity;
			productName = Intelity;
			productReference = 21999FB5222AD1280018EE65 /* Intelity.app */;
			productType = "com.apple.product-type.application";
		};
/* End PBXNativeTarget section */

/* Begin PBXProject section */
		21999FAD222AD1280018EE65 /* Project object */ = {
			isa = PBXProject;
			attributes = {
				LastSwiftUpdateCheck = 1010;
				LastUpgradeCheck = 1010;
				ORGANIZATIONNAME = "Mikael-Melkonyan";
				TargetAttributes = {
					21999FB4222AD1280018EE65 = {
						CreatedOnToolsVersion = 10.1;
					};
				};
			};
			buildConfigurationList = 21999FB0222AD1280018EE65 /* Build configuration list for PBXProject "Intelity" */;
			compatibilityVersion = "Xcode 9.3";
			developmentRegion = en;
			hasScannedForEncodings = 0;
			knownRegions = (
				en,
				Base,
			);
			mainGroup = 21999FAC222AD1280018EE65;
			productRefGroup = 21999FB6222AD1280018EE65 /* Products */;
			projectDirPath = "";
			projectRoot = "";
			targets = (
				21999FB4222AD1280018EE65 /* Intelity */,
			);
		};
/* End PBXProject section */

/* Begin PBXResourcesBuildPhase section */
		21999FB3222AD1280018EE65 /* Resources */ = {
			isa = PBXResourcesBuildPhase;
			buildActionMask = 2147483647;
			files = (
				21999FC6222AD12A0018EE65 /* LaunchScreen.storyboard in Resources */,
				21999FD5222AD7180018EE65 /* Weather.storyboard in Resources */,
				2199A005222BE55A0018EE65 /* WeatherCell.xib in Resources */,
				21999FE8222AEE740018EE65 /* LoadingCell.xib in Resources */,
				21999FC3222AD12A0018EE65 /* Assets.xcassets in Resources */,
				21999FFA222B0E190018EE65 /* InformationCell.xib in Resources */,
			);
			runOnlyForDeploymentPostprocessing = 0;
		};
/* End PBXResourcesBuildPhase section */

/* Begin PBXShellScriptBuildPhase section */
		1557BC32BA8B9B6A8B6EEE77 /* [CP] Check Pods Manifest.lock */ = {
			isa = PBXShellScriptBuildPhase;
			buildActionMask = 2147483647;
			files = (
			);
			inputPaths = (
				"${PODS_PODFILE_DIR_PATH}/Podfile.lock",
				"${PODS_ROOT}/Manifest.lock",
			);
			name = "[CP] Check Pods Manifest.lock";
			outputPaths = (
				"$(DERIVED_FILE_DIR)/Pods-Intelity-checkManifestLockResult.txt",
			);
			runOnlyForDeploymentPostprocessing = 0;
			shellPath = /bin/sh;
			shellScript = "diff \"${PODS_PODFILE_DIR_PATH}/Podfile.lock\" \"${PODS_ROOT}/Manifest.lock\" > /dev/null\nif [ $? != 0 ] ; then\n    # print error to STDERR\n    echo \"error: The sandbox is not in sync with the Podfile.lock. Run 'pod install' or update your CocoaPods installation.\" >&2\n    exit 1\nfi\n# This output is used by Xcode 'outputs' to avoid re-running this script phase.\necho \"SUCCESS\" > \"${SCRIPT_OUTPUT_FILE_0}\"\n";
			showEnvVarsInLog = 0;
		};
		E32422069D12E67443C97897 /* [CP] Embed Pods Frameworks */ = {
			isa = PBXShellScriptBuildPhase;
			buildActionMask = 2147483647;
			files = (
			);
			inputPaths = (
				"${SRCROOT}/Pods/Target Support Files/Pods-Intelity/Pods-Intelity-frameworks.sh",
				"${BUILT_PRODUCTS_DIR}/Alamofire/Alamofire.framework",
				"${BUILT_PRODUCTS_DIR}/AlamofireImage/AlamofireImage.framework",
				"${BUILT_PRODUCTS_DIR}/SwiftyJSON/SwiftyJSON.framework",
			);
			name = "[CP] Embed Pods Frameworks";
			outputPaths = (
				"${TARGET_BUILD_DIR}/${FRAMEWORKS_FOLDER_PATH}/Alamofire.framework",
				"${TARGET_BUILD_DIR}/${FRAMEWORKS_FOLDER_PATH}/AlamofireImage.framework",
				"${TARGET_BUILD_DIR}/${FRAMEWORKS_FOLDER_PATH}/SwiftyJSON.framework",
			);
			runOnlyForDeploymentPostprocessing = 0;
			shellPath = /bin/sh;
			shellScript = "\"${SRCROOT}/Pods/Target Support Files/Pods-Intelity/Pods-Intelity-frameworks.sh\"\n";
			showEnvVarsInLog = 0;
		};
/* End PBXShellScriptBuildPhase section */

/* Begin PBXSourcesBuildPhase section */
		21999FB1222AD1280018EE65 /* Sources */ = {
			isa = PBXSourcesBuildPhase;
			buildActionMask = 2147483647;
			files = (
				2199A00C222BEF2F0018EE65 /* String.swift in Sources */,
				2199A008222BEA400018EE65 /* Double.swift in Sources */,
				2199A00F222BF0630018EE65 /* ImageLoader.swift in Sources */,
				21999FDD222AE9F10018EE65 /* WeatherView.swift in Sources */,
				21999FF1222B02B90018EE65 /* Thread.swift in Sources */,
				21999FC1222AD1280018EE65 /* Intelity.xcdatamodeld in Sources */,
				21999FDA222AE9A90018EE65 /* WeatherViewModel.swift in Sources */,
				21999FD3222AD6F80018EE65 /* WeatherViewController.swift in Sources */,
				21999FE7222AEE740018EE65 /* LoadingCell.swift in Sources */,
				21999FFE222B14EE0018EE65 /* City.swift in Sources */,
				21999FF9222B0E190018EE65 /* InformationCell.swift in Sources */,
				2199A00A222BEC240018EE65 /* Collection.swift in Sources */,
				21999FF3222B0BE60018EE65 /* ResponseState.swift in Sources */,
				21999FFC222B13600018EE65 /* Weather.swift in Sources */,
				21999FB9222AD1280018EE65 /* AppDelegate.swift in Sources */,
				21999FEC222AEFAC0018EE65 /* Api.swift in Sources */,
				2199A004222BE55A0018EE65 /* WeatherCell.swift in Sources */,
				21999FE3222AEE250018EE65 /* SimpleCell.swift in Sources */,
				2199A000222BE02B0018EE65 /* Country.swift in Sources */,
				21999FEE222AFD760018EE65 /* WeatherApi.swift in Sources */,
			);
			runOnlyForDeploymentPostprocessing = 0;
		};
/* End PBXSourcesBuildPhase section */

/* Begin PBXVariantGroup section */
		21999FC4222AD12A0018EE65 /* LaunchScreen.storyboard */ = {
			isa = PBXVariantGroup;
			children = (
				21999FC5222AD12A0018EE65 /* Base */,
			);
			name = LaunchScreen.storyboard;
			sourceTree = "<group>";
		};
/* End PBXVariantGroup section */

/* Begin XCBuildConfiguration section */
		21999FC8222AD12A0018EE65 /* Debug */ = {
			isa = XCBuildConfiguration;
			buildSettings = {
				ALWAYS_SEARCH_USER_PATHS = NO;
				CLANG_ANALYZER_NONNULL = YES;
				CLANG_ANALYZER_NUMBER_OBJECT_CONVERSION = YES_AGGRESSIVE;
				CLANG_CXX_LANGUAGE_STANDARD = "gnu++14";
				CLANG_CXX_LIBRARY = "libc++";
				CLANG_ENABLE_MODULES = YES;
				CLANG_ENABLE_OBJC_ARC = YES;
				CLANG_ENABLE_OBJC_WEAK = YES;
				CLANG_WARN_BLOCK_CAPTURE_AUTORELEASING = YES;
				CLANG_WARN_BOOL_CONVERSION = YES;
				CLANG_WARN_COMMA = YES;
				CLANG_WARN_CONSTANT_CONVERSION = YES;
				CLANG_WARN_DEPRECATED_OBJC_IMPLEMENTATIONS = YES;
				CLANG_WARN_DIRECT_OBJC_ISA_USAGE = YES_ERROR;
				CLANG_WARN_DOCUMENTATION_COMMENTS = YES;
				CLANG_WARN_EMPTY_BODY = YES;
				CLANG_WARN_ENUM_CONVERSION = YES;
				CLANG_WARN_INFINITE_RECURSION = YES;
				CLANG_WARN_INT_CONVERSION = YES;
				CLANG_WARN_NON_LITERAL_NULL_CONVERSION = YES;
				CLANG_WARN_OBJC_IMPLICIT_RETAIN_SELF = YES;
				CLANG_WARN_OBJC_LITERAL_CONVERSION = YES;
				CLANG_WARN_OBJC_ROOT_CLASS = YES_ERROR;
				CLANG_WARN_RANGE_LOOP_ANALYSIS = YES;
				CLANG_WARN_STRICT_PROTOTYPES = YES;
				CLANG_WARN_SUSPICIOUS_MOVE = YES;
				CLANG_WARN_UNGUARDED_AVAILABILITY = YES_AGGRESSIVE;
				CLANG_WARN_UNREACHABLE_CODE = YES;
				CLANG_WARN__DUPLICATE_METHOD_MATCH = YES;
				CODE_SIGN_IDENTITY = "iPhone Developer";
				COPY_PHASE_STRIP = NO;
				DEBUG_INFORMATION_FORMAT = dwarf;
				ENABLE_STRICT_OBJC_MSGSEND = YES;
				ENABLE_TESTABILITY = YES;
				GCC_C_LANGUAGE_STANDARD = gnu11;
				GCC_DYNAMIC_NO_PIC = NO;
				GCC_NO_COMMON_BLOCKS = YES;
				GCC_OPTIMIZATION_LEVEL = 0;
				GCC_PREPROCESSOR_DEFINITIONS = (
					"DEBUG=1",
					"$(inherited)",
				);
				GCC_WARN_64_TO_32_BIT_CONVERSION = YES;
				GCC_WARN_ABOUT_RETURN_TYPE = YES_ERROR;
				GCC_WARN_UNDECLARED_SELECTOR = YES;
				GCC_WARN_UNINITIALIZED_AUTOS = YES_AGGRESSIVE;
				GCC_WARN_UNUSED_FUNCTION = YES;
				GCC_WARN_UNUSED_VARIABLE = YES;
				IPHONEOS_DEPLOYMENT_TARGET = 12.1;
				MTL_ENABLE_DEBUG_INFO = INCLUDE_SOURCE;
				MTL_FAST_MATH = YES;
				ONLY_ACTIVE_ARCH = YES;
				SDKROOT = iphoneos;
				SWIFT_ACTIVE_COMPILATION_CONDITIONS = DEBUG;
				SWIFT_OPTIMIZATION_LEVEL = "-Onone";
			};
			name = Debug;
		};
		21999FC9222AD12A0018EE65 /* Release */ = {
			isa = XCBuildConfiguration;
			buildSettings = {
				ALWAYS_SEARCH_USER_PATHS = NO;
				CLANG_ANALYZER_NONNULL = YES;
				CLANG_ANALYZER_NUMBER_OBJECT_CONVERSION = YES_AGGRESSIVE;
				CLANG_CXX_LANGUAGE_STANDARD = "gnu++14";
				CLANG_CXX_LIBRARY = "libc++";
				CLANG_ENABLE_MODULES = YES;
				CLANG_ENABLE_OBJC_ARC = YES;
				CLANG_ENABLE_OBJC_WEAK = YES;
				CLANG_WARN_BLOCK_CAPTURE_AUTORELEASING = YES;
				CLANG_WARN_BOOL_CONVERSION = YES;
				CLANG_WARN_COMMA = YES;
				CLANG_WARN_CONSTANT_CONVERSION = YES;
				CLANG_WARN_DEPRECATED_OBJC_IMPLEMENTATIONS = YES;
				CLANG_WARN_DIRECT_OBJC_ISA_USAGE = YES_ERROR;
				CLANG_WARN_DOCUMENTATION_COMMENTS = YES;
				CLANG_WARN_EMPTY_BODY = YES;
				CLANG_WARN_ENUM_CONVERSION = YES;
				CLANG_WARN_INFINITE_RECURSION = YES;
				CLANG_WARN_INT_CONVERSION = YES;
				CLANG_WARN_NON_LITERAL_NULL_CONVERSION = YES;
				CLANG_WARN_OBJC_IMPLICIT_RETAIN_SELF = YES;
				CLANG_WARN_OBJC_LITERAL_CONVERSION = YES;
				CLANG_WARN_OBJC_ROOT_CLASS = YES_ERROR;
				CLANG_WARN_RANGE_LOOP_ANALYSIS = YES;
				CLANG_WARN_STRICT_PROTOTYPES = YES;
				CLANG_WARN_SUSPICIOUS_MOVE = YES;
				CLANG_WARN_UNGUARDED_AVAILABILITY = YES_AGGRESSIVE;
				CLANG_WARN_UNREACHABLE_CODE = YES;
				CLANG_WARN__DUPLICATE_METHOD_MATCH = YES;
				CODE_SIGN_IDENTITY = "iPhone Developer";
				COPY_PHASE_STRIP = NO;
				DEBUG_INFORMATION_FORMAT = "dwarf-with-dsym";
				ENABLE_NS_ASSERTIONS = NO;
				ENABLE_STRICT_OBJC_MSGSEND = YES;
				GCC_C_LANGUAGE_STANDARD = gnu11;
				GCC_NO_COMMON_BLOCKS = YES;
				GCC_WARN_64_TO_32_BIT_CONVERSION = YES;
				GCC_WARN_ABOUT_RETURN_TYPE = YES_ERROR;
				GCC_WARN_UNDECLARED_SELECTOR = YES;
				GCC_WARN_UNINITIALIZED_AUTOS = YES_AGGRESSIVE;
				GCC_WARN_UNUSED_FUNCTION = YES;
				GCC_WARN_UNUSED_VARIABLE = YES;
				IPHONEOS_DEPLOYMENT_TARGET = 12.1;
				MTL_ENABLE_DEBUG_INFO = NO;
				MTL_FAST_MATH = YES;
				SDKROOT = iphoneos;
				SWIFT_COMPILATION_MODE = wholemodule;
				SWIFT_OPTIMIZATION_LEVEL = "-O";
				VALIDATE_PRODUCT = YES;
			};
			name = Release;
		};
		21999FCB222AD12A0018EE65 /* Debug */ = {
			isa = XCBuildConfiguration;
			baseConfigurationReference = D3A8CAE12FAE28AD9848316E /* Pods-Intelity.debug.xcconfig */;
			buildSettings = {
				ASSETCATALOG_COMPILER_APPICON_NAME = AppIcon;
				CODE_SIGN_STYLE = Automatic;
				DEVELOPMENT_TEAM = NP78NRZ4Q7;
				INFOPLIST_FILE = Intelity/Info.plist;
				IPHONEOS_DEPLOYMENT_TARGET = 10.0;
				LD_RUNPATH_SEARCH_PATHS = (
					"$(inherited)",
					"@executable_path/Frameworks",
				);
				PRODUCT_BUNDLE_IDENTIFIER = "Mikael-Melkonyan.Intelity";
				PRODUCT_NAME = "$(TARGET_NAME)";
				SWIFT_VERSION = 4.2;
				TARGETED_DEVICE_FAMILY = 1;
			};
			name = Debug;
		};
		21999FCC222AD12A0018EE65 /* Release */ = {
			isa = XCBuildConfiguration;
			baseConfigurationReference = D6416A70313C94E9FCDA2EC9 /* Pods-Intelity.release.xcconfig */;
			buildSettings = {
				ASSETCATALOG_COMPILER_APPICON_NAME = AppIcon;
				CODE_SIGN_STYLE = Automatic;
				DEVELOPMENT_TEAM = NP78NRZ4Q7;
				INFOPLIST_FILE = Intelity/Info.plist;
				IPHONEOS_DEPLOYMENT_TARGET = 10.0;
				LD_RUNPATH_SEARCH_PATHS = (
					"$(inherited)",
					"@executable_path/Frameworks",
				);
				PRODUCT_BUNDLE_IDENTIFIER = "Mikael-Melkonyan.Intelity";
				PRODUCT_NAME = "$(TARGET_NAME)";
				SWIFT_VERSION = 4.2;
				TARGETED_DEVICE_FAMILY = 1;
			};
			name = Release;
		};
/* End XCBuildConfiguration section */

/* Begin XCConfigurationList section */
		21999FB0222AD1280018EE65 /* Build configuration list for PBXProject "Intelity" */ = {
			isa = XCConfigurationList;
			buildConfigurations = (
				21999FC8222AD12A0018EE65 /* Debug */,
				21999FC9222AD12A0018EE65 /* Release */,
			);
			defaultConfigurationIsVisible = 0;
			defaultConfigurationName = Release;
		};
		21999FCA222AD12A0018EE65 /* Build configuration list for PBXNativeTarget "Intelity" */ = {
			isa = XCConfigurationList;
			buildConfigurations = (
				21999FCB222AD12A0018EE65 /* Debug */,
				21999FCC222AD12A0018EE65 /* Release */,
			);
			defaultConfigurationIsVisible = 0;
			defaultConfigurationName = Release;
		};
/* End XCConfigurationList section */

/* Begin XCVersionGroup section */
		21999FBF222AD1280018EE65 /* Intelity.xcdatamodeld */ = {
			isa = XCVersionGroup;
			children = (
				21999FC0222AD1280018EE65 /* Intelity.xcdatamodel */,
			);
			currentVersion = 21999FC0222AD1280018EE65 /* Intelity.xcdatamodel */;
			path = Intelity.xcdatamodeld;
			sourceTree = "<group>";
			versionGroupType = wrapper.xcdatamodel;
		};
/* End XCVersionGroup section */
	};
	rootObject = 21999FAD222AD1280018EE65 /* Project object */;
}
